
Microsoft Visual Studio Solution File, Format Version 12.00
# Visual Studio Version 17
VisualStudioVersion = 17.10.35013.160
MinimumVisualStudioVersion = 10.0.40219.1
Project("{FAE04EC0-301F-11D3-BF4B-00C04F79EFBC}") = "RogusReport2", "RogusReport2\RogusReport2.csproj", "{8AD1A40A-8861-49AF-A7A5-11CB0D8803FC}"
EndProject
Global
	GlobalSection(SolutionConfigurationPlatforms) = preSolution
		Debug|Any CPU = Debug|Any CPU
		Release|Any CPU = Release|Any CPU
	EndGlobalSection
	GlobalSection(ProjectConfigurationPlatforms) = postSolution
		{8AD1A40A-8861-49AF-A7A5-11CB0D8803FC}.Debug|Any CPU.ActiveCfg = Debug|Any CPU
		{8AD1A40A-8861-49AF-A7A5-11CB0D8803FC}.Debug|Any CPU.Build.0 = Debug|Any CPU
		{8AD1A40A-8861-49AF-A7A5-11CB0D8803FC}.Release|Any CPU.ActiveCfg = Release|Any CPU
		{8AD1A40A-8861-49AF-A7A5-11CB0D8803FC}.Release|Any CPU.Build.0 = Release|Any CPU
	EndGlobalSection
	GlobalSection(SolutionProperties) = preSolution
		HideSolutionNode = FALSE
	EndGlobalSection
	GlobalSection(ExtensibilityGlobals) = postSolution
		SolutionGuid = {89EE0648-047D-4240-AC69-4A8E8D49503D}
	EndGlobalSection
EndGlobal
